
Microsoft Visual Studio Solution File, Format Version 12.00
# Visual Studio Version 16
VisualStudioVersion = 16.0.30907.101
MinimumVisualStudioVersion = 10.0.40219.1
Project("{FAE04EC0-301F-11D3-BF4B-00C04F79EFBC}") = "CIG_CHS PLugins", "CHS Application PostCode\CIG_CHS PLugins.csproj", "{845542A7-6829-4B8B-8082-85527A365D85}"
EndProject
Global
	GlobalSection(SolutionConfigurationPlatforms) = preSolution
		Debug|Any CPU = Debug|Any CPU
		Release|Any CPU = Release|Any CPU
	EndGlobalSection
	GlobalSection(ProjectConfigurationPlatforms) = postSolution
		{845542A7-6829-4B8B-8082-85527A365D85}.Debug|Any CPU.ActiveCfg = Debug|Any CPU
		{845542A7-6829-4B8B-8082-85527A365D85}.Debug|Any CPU.Build.0 = Debug|Any CPU
		{845542A7-6829-4B8B-8082-85527A365D85}.Release|Any CPU.ActiveCfg = Release|Any CPU
		{845542A7-6829-4B8B-8082-85527A365D85}.Release|Any CPU.Build.0 = Release|Any CPU
	EndGlobalSection
	GlobalSection(SolutionProperties) = preSolution
		HideSolutionNode = FALSE
	EndGlobalSection
	GlobalSection(ExtensibilityGlobals) = postSolution
		SolutionGuid = {89FD7558-973A-42D6-9FA7-587EA6972519}
	EndGlobalSection
EndGlobal
